
Microsoft Visual Studio Solution File, Format Version 12.00
# Visual Studio 14
VisualStudioVersion = 14.0.25420.1
MinimumVisualStudioVersion = 10.0.40219.1
Project("{FAE04EC0-301F-11D3-BF4B-00C04F79EFBC}") = "Markdig.FlowDocument", "Markdig.FlowDocument\Markdig.FlowDocument.csproj", "{ED92B977-0D95-4CB7-8CC2-EED202B62E36}"
EndProject
Global
	GlobalSection(SolutionConfigurationPlatforms) = preSolution
		Debug|Any CPU = Debug|Any CPU
		Release|Any CPU = Release|Any CPU
	EndGlobalSection
	GlobalSection(ProjectConfigurationPlatforms) = postSolution
		{ED92B977-0D95-4CB7-8CC2-EED202B62E36}.Debug|Any CPU.ActiveCfg = Debug|Any CPU
		{ED92B977-0D95-4CB7-8CC2-EED202B62E36}.Debug|Any CPU.Build.0 = Debug|Any CPU
		{ED92B977-0D95-4CB7-8CC2-EED202B62E36}.Release|Any CPU.ActiveCfg = Release|Any CPU
		{ED92B977-0D95-4CB7-8CC2-EED202B62E36}.Release|Any CPU.Build.0 = Release|Any CPU
	EndGlobalSection
	GlobalSection(SolutionProperties) = preSolution
		HideSolutionNode = FALSE
	EndGlobalSection
EndGlobal
